
Microsoft Visual Studio Solution File, Format Version 12.00
# Visual Studio Version 17
VisualStudioVersion = 17.14.37111.16
MinimumVisualStudioVersion = 10.0.40219.1
Project("{FAE04EC0-301F-11D3-BF4B-00C04F79EFBC}") = "TuongVY", "TuongVY\TuongVY.csproj", "{1A6D8D95-63FC-4FAC-BF83-E52DBAC77D0A}"
EndProject
Project("{FAE04EC0-301F-11D3-BF4B-00C04F79EFBC}") = "AgentPortalApiGateway", "AgentPortalApiGateway\AgentPortalApiGateway.csproj", "{DA3908DD-CAA9-4D9A-8AF1-19E48A2ABCCF}"
EndProject
Project("{FAE04EC0-301F-11D3-BF4B-00C04F79EFBC}") = "BlazorWasmClient", "BlazorWasmClient\BlazorWasmClient.csproj", "{5A00954F-1546-4BEB-A750-EE5A23C999B9}"
EndProject
Project("{2150E333-8FDC-42A3-9474-1A3956D46DE8}") = "Services", "Services", "{5854FF58-B8C5-05C6-5BF2-ACE42193F22B}"
EndProject
Project("{2150E333-8FDC-42A3-9474-1A3956D46DE8}") = "AuthService", "AuthService", "{378295AF-C144-6721-7CFF-8DE6E58ED8C7}"
EndProject
Project("{FAE04EC0-301F-11D3-BF4B-00C04F79EFBC}") = "AuthService.Api", "Services\AuthService\AuthService.Api\AuthService.Api.csproj", "{7A352441-7B27-4E86-BD44-B3D78337FC79}"
EndProject
Project("{FAE04EC0-301F-11D3-BF4B-00C04F79EFBC}") = "AuthService.Impl", "Services\AuthService\AuthService.Impl\AuthService.Impl.csproj", "{23F82C76-6875-4F45-A5AC-96304CFA54CD}"
EndProject
Project("{FAE04EC0-301F-11D3-BF4B-00C04F79EFBC}") = "AuthService.Tests", "Services\AuthService\AuthService.Tests\AuthService.Tests.csproj", "{4FFFB9A2-D9AF-44A6-AB95-E4A4FC8846C2}"
EndProject
Project("{2150E333-8FDC-42A3-9474-1A3956D46DE8}") = "ChatService", "ChatService", "{38DD8679-F3C3-4324-619F-B20D18BD3BE4}"
EndProject
Project("{FAE04EC0-301F-11D3-BF4B-00C04F79EFBC}") = "ChatService.Api", "Services\ChatService\ChatService.Api\ChatService.Api.csproj", "{135D38C7-0C64-416E-BC0C-C410685DAF58}"
EndProject
Project("{FAE04EC0-301F-11D3-BF4B-00C04F79EFBC}") = "ChatService.Impl", "Services\ChatService\ChatService.Impl\ChatService.Impl.csproj", "{DC6AB8C0-DCF0-4D9D-AE5B-D0FF59BF5D9F}"
EndProject
Project("{FAE04EC0-301F-11D3-BF4B-00C04F79EFBC}") = "ChatService.Tests", "Services\ChatService\ChatService.Tests\ChatService.Tests.csproj", "{A11C2465-5BCA-439E-B10C-9A60CB3EB1C6}"
EndProject
Project("{2150E333-8FDC-42A3-9474-1A3956D46DE8}") = "DocumentService", "DocumentService", "{4972D1A6-6E3D-CFE3-BF87-C4B6FA8CF3FC}"
EndProject
Project("{FAE04EC0-301F-11D3-BF4B-00C04F79EFBC}") = "DocumentService.Api", "Services\DocumentService\DocumentService.Api\DocumentService.Api.csproj", "{98AD540C-7C73-45E8-8D9A-08A8793933ED}"
EndProject
Project("{FAE04EC0-301F-11D3-BF4B-00C04F79EFBC}") = "DocumentService.Impl", "Services\DocumentService\DocumentService.Impl\DocumentService.Impl.csproj", "{E7B130F3-F716-41B1-B537-C86A8C4F2176}"
EndProject
Project("{FAE04EC0-301F-11D3-BF4B-00C04F79EFBC}") = "DocumentService.Tests", "Services\DocumentService\DocumentService.Tests\DocumentService.Tests.csproj", "{7EEC825F-7EBE-42C5-99B5-4C0D39F0B8E0}"
EndProject
Project("{2150E333-8FDC-42A3-9474-1A3956D46DE8}") = "PaymentService", "PaymentService", "{C37F6A99-4F64-C411-A3CA-5C94B414AB7E}"
EndProject
Project("{FAE04EC0-301F-11D3-BF4B-00C04F79EFBC}") = "PaymentService.Api", "Services\PaymentService\PaymentService.Api\PaymentService.Api.csproj", "{61616FFC-7B2E-4BB1-A200-5820D45D2EEA}"
EndProject
Project("{FAE04EC0-301F-11D3-BF4B-00C04F79EFBC}") = "PaymentService.Impl", "Services\PaymentService\PaymentService.Impl\PaymentService.Impl.csproj", "{260CF18E-D1B2-4297-807D-5B97D0013974}"
EndProject
Project("{FAE04EC0-301F-11D3-BF4B-00C04F79EFBC}") = "PaymentService.Tests", "Services\PaymentService\PaymentService.Tests\PaymentService.Tests.csproj", "{112FB21D-7B2E-4F6E-BE90-44F0CC5A6A58}"
EndProject
Project("{2150E333-8FDC-42A3-9474-1A3956D46DE8}") = "PolicySearchService", "PolicySearchService", "{A4F865EB-52EC-F6FD-F011-E1E54FCE470B}"
EndProject
Project("{FAE04EC0-301F-11D3-BF4B-00C04F79EFBC}") = "PolicySearchService.Api", "Services\PolicySearchService\PolicySearchService.Api\PolicySearchService.Api.csproj", "{44F7F98A-927F-4F61-B19A-A34B9E130030}"
EndProject
Project("{FAE04EC0-301F-11D3-BF4B-00C04F79EFBC}") = "PolicySearchService.Impl", "Services\PolicySearchService\PolicySearchService.Impl\PolicySearchService.Impl.csproj", "{7EC9E155-D9D0-4960-9415-C070D8FF1A71}"
EndProject
Project("{FAE04EC0-301F-11D3-BF4B-00C04F79EFBC}") = "PolicySearchService.Tests", "Services\PolicySearchService\PolicySearchService.Tests\PolicySearchService.Tests.csproj", "{C2A70F73-2A28-4730-810B-21BC68669312}"
EndProject
Project("{2150E333-8FDC-42A3-9474-1A3956D46DE8}") = "PolicyService", "PolicyService", "{EA911E63-DFBC-0203-AA9C-2E6EB2236FA2}"
EndProject
Project("{FAE04EC0-301F-11D3-BF4B-00C04F79EFBC}") = "PolicyService.Api", "Services\PolicyService\PolicyService.Api\PolicyService.Api.csproj", "{C42629B5-5ECE-4CCF-A552-9BA926258FD7}"
EndProject
Project("{FAE04EC0-301F-11D3-BF4B-00C04F79EFBC}") = "PolicyService.Impl", "Services\PolicyService\PolicyService.Impl\PolicyService.Impl.csproj", "{032AEBBA-9E52-40E2-B929-31FDDDF16B5B}"
EndProject
Project("{FAE04EC0-301F-11D3-BF4B-00C04F79EFBC}") = "PolicyService.Tests", "Services\PolicyService\PolicyService.Tests\PolicyService.Tests.csproj", "{F54767F4-0505-49D2-AB18-92F5198BE302}"
EndProject
Project("{2150E333-8FDC-42A3-9474-1A3956D46DE8}") = "PricingService", "PricingService", "{493E710F-E8C5-EB71-BD10-2DF2A771875D}"
EndProject
Project("{FAE04EC0-301F-11D3-BF4B-00C04F79EFBC}") = "PricingService.Api", "Services\PricingService\PricingService.Api\PricingService.Api.csproj", "{5B755FD3-519A-43FE-AA7A-7C1BFDD02DC6}"
EndProject
Project("{FAE04EC0-301F-11D3-BF4B-00C04F79EFBC}") = "PricingService.Impl", "Services\PricingService\PricingService.Impl\PricingService.Impl.csproj", "{A55E9D0C-5944-4AB7-9942-900D8403BBF0}"
EndProject
Project("{FAE04EC0-301F-11D3-BF4B-00C04F79EFBC}") = "PricingService.Tests", "Services\PricingService\PricingService.Tests\PricingService.Tests.csproj", "{821DAFE0-1AD4-4782-8C0E-59C1A5B44627}"
EndProject
Project("{2150E333-8FDC-42A3-9474-1A3956D46DE8}") = "ProductService", "ProductService", "{1C57C2D2-1246-804C-0890-EC7B6BEC053B}"
EndProject
Project("{FAE04EC0-301F-11D3-BF4B-00C04F79EFBC}") = "ProductService.Api", "Services\ProductService\ProductService.Api\ProductService.Api.csproj", "{B3F8088D-41B8-4A33-BDF5-1BEF9C564AAE}"
EndProject
Project("{FAE04EC0-301F-11D3-BF4B-00C04F79EFBC}") = "ProductService.Impl", "Services\ProductService\ProductService.Impl\ProductService.Impl.csproj", "{D6EE8E42-A927-4EC0-A490-C0DEDF6846D6}"
EndProject
Project("{FAE04EC0-301F-11D3-BF4B-00C04F79EFBC}") = "ProductService.Tests", "Services\ProductService\ProductService.Tests\ProductService.Tests.csproj", "{861565FE-E6F3-4360-B4FA-2B906C6E2953}"
EndProject
Project("{2150E333-8FDC-42A3-9474-1A3956D46DE8}") = "DashboardService", "DashboardService", "{3F71BEB0-01F5-17CB-6346-A2CC851A62EC}"
EndProject
Project("{FAE04EC0-301F-11D3-BF4B-00C04F79EFBC}") = "DashboardService.Api", "Services\DashboardService\DashboardService.Api\DashboardService.Api.csproj", "{C9170C14-EA87-4A54-BEEA-50F69A9D61DB}"
EndProject
Project("{FAE04EC0-301F-11D3-BF4B-00C04F79EFBC}") = "DashboardService.Impl", "Services\DashboardService\DashboardService.Impl\DashboardService.Impl.csproj", "{FD3184B5-80BD-409D-9802-7E79D509C503}"
EndProject
Project("{FAE04EC0-301F-11D3-BF4B-00C04F79EFBC}") = "DashboardService.Tests", "Services\DashboardService\DashboardService.Tests\DashboardService.Tests.csproj", "{542D097B-C916-4FAA-AA9E-0C466B8B959B}"
EndProject
Project("{FAE04EC0-301F-11D3-BF4B-00C04F79EFBC}") = "PricingService.IntegrationTests", "Services\PricingService\PricingService.IntegrationTests\PricingService.IntegrationTests.csproj", "{1242409A-55CE-40DE-9ABD-7A41FC9F85CB}"
EndProject
Global
	GlobalSection(SolutionConfigurationPlatforms) = preSolution
		Debug|Any CPU = Debug|Any CPU
		Debug|x64 = Debug|x64
		Debug|x86 = Debug|x86
		Release|Any CPU = Release|Any CPU
		Release|x64 = Release|x64
		Release|x86 = Release|x86
	EndGlobalSection
	GlobalSection(ProjectConfigurationPlatforms) = postSolution
		{1A6D8D95-63FC-4FAC-BF83-E52DBAC77D0A}.Debug|Any CPU.ActiveCfg = Debug|Any CPU
		{1A6D8D95-63FC-4FAC-BF83-E52DBAC77D0A}.Debug|Any CPU.Build.0 = Debug|Any CPU
		{1A6D8D95-63FC-4FAC-BF83-E52DBAC77D0A}.Debug|x64.ActiveCfg = Debug|Any CPU
		{1A6D8D95-63FC-4FAC-BF83-E52DBAC77D0A}.Debug|x64.Build.0 = Debug|Any CPU
		{1A6D8D95-63FC-4FAC-BF83-E52DBAC77D0A}.Debug|x86.ActiveCfg = Debug|Any CPU
		{1A6D8D95-63FC-4FAC-BF83-E52DBAC77D0A}.Debug|x86.Build.0 = Debug|Any CPU
		{1A6D8D95-63FC-4FAC-BF83-E52DBAC77D0A}.Release|Any CPU.ActiveCfg = Release|Any CPU
		{1A6D8D95-63FC-4FAC-BF83-E52DBAC77D0A}.Release|Any CPU.Build.0 = Release|Any CPU
		{1A6D8D95-63FC-4FAC-BF83-E52DBAC77D0A}.Release|x64.ActiveCfg = Release|Any CPU
		{1A6D8D95-63FC-4FAC-BF83-E52DBAC77D0A}.Release|x64.Build.0 = Release|Any CPU
		{1A6D8D95-63FC-4FAC-BF83-E52DBAC77D0A}.Release|x86.ActiveCfg = Release|Any CPU
		{1A6D8D95-63FC-4FAC-BF83-E52DBAC77D0A}.Release|x86.Build.0 = Release|Any CPU
		{DA3908DD-CAA9-4D9A-8AF1-19E48A2ABCCF}.Debug|Any CPU.ActiveCfg = Debug|Any CPU
		{DA3908DD-CAA9-4D9A-8AF1-19E48A2ABCCF}.Debug|Any CPU.Build.0 = Debug|Any CPU
		{DA3908DD-CAA9-4D9A-8AF1-19E48A2ABCCF}.Debug|x64.ActiveCfg = Debug|Any CPU
		{DA3908DD-CAA9-4D9A-8AF1-19E48A2ABCCF}.Debug|x64.Build.0 = Debug|Any CPU
		{DA3908DD-CAA9-4D9A-8AF1-19E48A2ABCCF}.Debug|x86.ActiveCfg = Debug|Any CPU
		{DA3908DD-CAA9-4D9A-8AF1-19E48A2ABCCF}.Debug|x86.Build.0 = Debug|Any CPU
		{DA3908DD-CAA9-4D9A-8AF1-19E48A2ABCCF}.Release|Any CPU.ActiveCfg = Release|Any CPU
		{DA3908DD-CAA9-4D9A-8AF1-19E48A2ABCCF}.Release|Any CPU.Build.0 = Release|Any CPU
		{DA3908DD-CAA9-4D9A-8AF1-19E48A2ABCCF}.Release|x64.ActiveCfg = Release|Any CPU
		{DA3908DD-CAA9-4D9A-8AF1-19E48A2ABCCF}.Release|x64.Build.0 = Release|Any CPU
		{DA3908DD-CAA9-4D9A-8AF1-19E48A2ABCCF}.Release|x86.ActiveCfg = Release|Any CPU
		{DA3908DD-CAA9-4D9A-8AF1-19E48A2ABCCF}.Release|x86.Build.0 = Release|Any CPU
		{5A00954F-1546-4BEB-A750-EE5A23C999B9}.Debug|Any CPU.ActiveCfg = Debug|Any CPU
		{5A00954F-1546-4BEB-A750-EE5A23C999B9}.Debug|Any CPU.Build.0 = Debug|Any CPU
		{5A00954F-1546-4BEB-A750-EE5A23C999B9}.Debug|x64.ActiveCfg = Debug|Any CPU
		{5A00954F-1546-4BEB-A750-EE5A23C999B9}.Debug|x64.Build.0 = Debug|Any CPU
		{5A00954F-1546-4BEB-A750-EE5A23C999B9}.Debug|x86.ActiveCfg = Debug|Any CPU
		{5A00954F-1546-4BEB-A750-EE5A23C999B9}.Debug|x86.Build.0 = Debug|Any CPU
		{5A00954F-1546-4BEB-A750-EE5A23C999B9}.Release|Any CPU.ActiveCfg = Release|Any CPU
		{5A00954F-1546-4BEB-A750-EE5A23C999B9}.Release|Any CPU.Build.0 = Release|Any CPU
		{5A00954F-1546-4BEB-A750-EE5A23C999B9}.Release|x64.ActiveCfg = Release|Any CPU
		{5A00954F-1546-4BEB-A750-EE5A23C999B9}.Release|x64.Build.0 = Release|Any CPU
		{5A00954F-1546-4BEB-A750-EE5A23C999B9}.Release|x86.ActiveCfg = Release|Any CPU
		{5A00954F-1546-4BEB-A750-EE5A23C999B9}.Release|x86.Build.0 = Release|Any CPU
		{7A352441-7B27-4E86-BD44-B3D78337FC79}.Debug|Any CPU.ActiveCfg = Debug|Any CPU
		{7A352441-7B27-4E86-BD44-B3D78337FC79}.Debug|Any CPU.Build.0 = Debug|Any CPU
		{7A352441-7B27-4E86-BD44-B3D78337FC79}.Debug|x64.ActiveCfg = Debug|Any CPU
		{7A352441-7B27-4E86-BD44-B3D78337FC79}.Debug|x64.Build.0 = Debug|Any CPU
		{7A352441-7B27-4E86-BD44-B3D78337FC79}.Debug|x86.ActiveCfg = Debug|Any CPU
		{7A352441-7B27-4E86-BD44-B3D78337FC79}.Debug|x86.Build.0 = Debug|Any CPU
		{7A352441-7B27-4E86-BD44-B3D78337FC79}.Release|Any CPU.ActiveCfg = Release|Any CPU
		{7A352441-7B27-4E86-BD44-B3D78337FC79}.Release|Any CPU.Build.0 = Release|Any CPU
		{7A352441-7B27-4E86-BD44-B3D78337FC79}.Release|x64.ActiveCfg = Release|Any CPU
		{7A352441-7B27-4E86-BD44-B3D78337FC79}.Release|x64.Build.0 = Release|Any CPU
		{7A352441-7B27-4E86-BD44-B3D78337FC79}.Release|x86.ActiveCfg = Release|Any CPU
		{7A352441-7B27-4E86-BD44-B3D78337FC79}.Release|x86.Build.0 = Release|Any CPU
		{23F82C76-6875-4F45-A5AC-96304CFA54CD}.Debug|Any CPU.ActiveCfg = Debug|Any CPU
		{23F82C76-6875-4F45-A5AC-96304CFA54CD}.Debug|Any CPU.Build.0 = Debug|Any CPU
		{23F82C76-6875-4F45-A5AC-96304CFA54CD}.Debug|x64.ActiveCfg = Debug|Any CPU
		{23F82C76-6875-4F45-A5AC-96304CFA54CD}.Debug|x64.Build.0 = Debug|Any CPU
		{23F82C76-6875-4F45-A5AC-96304CFA54CD}.Debug|x86.ActiveCfg = Debug|Any CPU
		{23F82C76-6875-4F45-A5AC-96304CFA54CD}.Debug|x86.Build.0 = Debug|Any CPU
		{23F82C76-6875-4F45-A5AC-96304CFA54CD}.Release|Any CPU.ActiveCfg = Release|Any CPU
		{23F82C76-6875-4F45-A5AC-96304CFA54CD}.Release|Any CPU.Build.0 = Release|Any CPU
		{23F82C76-6875-4F45-A5AC-96304CFA54CD}.Release|x64.ActiveCfg = Release|Any CPU
		{23F82C76-6875-4F45-A5AC-96304CFA54CD}.Release|x64.Build.0 = Release|Any CPU
		{23F82C76-6875-4F45-A5AC-96304CFA54CD}.Release|x86.ActiveCfg = Release|Any CPU
		{23F82C76-6875-4F45-A5AC-96304CFA54CD}.Release|x86.Build.0 = Release|Any CPU
		{4FFFB9A2-D9AF-44A6-AB95-E4A4FC8846C2}.Debug|Any CPU.ActiveCfg = Debug|Any CPU
		{4FFFB9A2-D9AF-44A6-AB95-E4A4FC8846C2}.Debug|Any CPU.Build.0 = Debug|Any CPU
		{4FFFB9A2-D9AF-44A6-AB95-E4A4FC8846C2}.Debug|x64.ActiveCfg = Debug|Any CPU
		{4FFFB9A2-D9AF-44A6-AB95-E4A4FC8846C2}.Debug|x64.Build.0 = Debug|Any CPU
		{4FFFB9A2-D9AF-44A6-AB95-E4A4FC8846C2}.Debug|x86.ActiveCfg = Debug|Any CPU
		{4FFFB9A2-D9AF-44A6-AB95-E4A4FC8846C2}.Debug|x86.Build.0 = Debug|Any CPU
		{4FFFB9A2-D9AF-44A6-AB95-E4A4FC8846C2}.Release|Any CPU.ActiveCfg = Release|Any CPU
		{4FFFB9A2-D9AF-44A6-AB95-E4A4FC8846C2}.Release|Any CPU.Build.0 = Release|Any CPU
		{4FFFB9A2-D9AF-44A6-AB95-E4A4FC8846C2}.Release|x64.ActiveCfg = Release|Any CPU
		{4FFFB9A2-D9AF-44A6-AB95-E4A4FC8846C2}.Release|x64.Build.0 = Release|Any CPU
		{4FFFB9A2-D9AF-44A6-AB95-E4A4FC8846C2}.Release|x86.ActiveCfg = Release|Any CPU
		{4FFFB9A2-D9AF-44A6-AB95-E4A4FC8846C2}.Release|x86.Build.0 = Release|Any CPU
		{135D38C7-0C64-416E-BC0C-C410685DAF58}.Debug|Any CPU.ActiveCfg = Debug|Any CPU
		{135D38C7-0C64-416E-BC0C-C410685DAF58}.Debug|Any CPU.Build.0 = Debug|Any CPU
		{135D38C7-0C64-416E-BC0C-C410685DAF58}.Debug|x64.ActiveCfg = Debug|Any CPU
		{135D38C7-0C64-416E-BC0C-C410685DAF58}.Debug|x64.Build.0 = Debug|Any CPU
		{135D38C7-0C64-416E-BC0C-C410685DAF58}.Debug|x86.ActiveCfg = Debug|Any CPU
		{135D38C7-0C64-416E-BC0C-C410685DAF58}.Debug|x86.Build.0 = Debug|Any CPU
		{135D38C7-0C64-416E-BC0C-C410685DAF58}.Release|Any CPU.ActiveCfg = Release|Any CPU
		{135D38C7-0C64-416E-BC0C-C410685DAF58}.Release|Any CPU.Build.0 = Release|Any CPU
		{135D38C7-0C64-416E-BC0C-C410685DAF58}.Release|x64.ActiveCfg = Release|Any CPU
		{135D38C7-0C64-416E-BC0C-C410685DAF58}.Release|x64.Build.0 = Release|Any CPU
		{135D38C7-0C64-416E-BC0C-C410685DAF58}.Release|x86.ActiveCfg = Release|Any CPU
		{135D38C7-0C64-416E-BC0C-C410685DAF58}.Release|x86.Build.0 = Release|Any CPU
		{DC6AB8C0-DCF0-4D9D-AE5B-D0FF59BF5D9F}.Debug|Any CPU.ActiveCfg = Debug|Any CPU
		{DC6AB8C0-DCF0-4D9D-AE5B-D0FF59BF5D9F}.Debug|Any CPU.Build.0 = Debug|Any CPU
		{DC6AB8C0-DCF0-4D9D-AE5B-D0FF59BF5D9F}.Debug|x64.ActiveCfg = Debug|Any CPU
		{DC6AB8C0-DCF0-4D9D-AE5B-D0FF59BF5D9F}.Debug|x64.Build.0 = Debug|Any CPU
		{DC6AB8C0-DCF0-4D9D-AE5B-D0FF59BF5D9F}.Debug|x86.ActiveCfg = Debug|Any CPU
		{DC6AB8C0-DCF0-4D9D-AE5B-D0FF59BF5D9F}.Debug|x86.Build.0 = Debug|Any CPU
		{DC6AB8C0-DCF0-4D9D-AE5B-D0FF59BF5D9F}.Release|Any CPU.ActiveCfg = Release|Any CPU
		{DC6AB8C0-DCF0-4D9D-AE5B-D0FF59BF5D9F}.Release|Any CPU.Build.0 = Release|Any CPU
		{DC6AB8C0-DCF0-4D9D-AE5B-D0FF59BF5D9F}.Release|x64.ActiveCfg = Release|Any CPU
		{DC6AB8C0-DCF0-4D9D-AE5B-D0FF59BF5D9F}.Release|x64.Build.0 = Release|Any CPU
		{DC6AB8C0-DCF0-4D9D-AE5B-D0FF59BF5D9F}.Release|x86.ActiveCfg = Release|Any CPU
		{DC6AB8C0-DCF0-4D9D-AE5B-D0FF59BF5D9F}.Release|x86.Build.0 = Release|Any CPU
		{A11C2465-5BCA-439E-B10C-9A60CB3EB1C6}.Debug|Any CPU.ActiveCfg = Debug|Any CPU
		{A11C2465-5BCA-439E-B10C-9A60CB3EB1C6}.Debug|Any CPU.Build.0 = Debug|Any CPU
		{A11C2465-5BCA-439E-B10C-9A60CB3EB1C6}.Debug|x64.ActiveCfg = Debug|Any CPU
		{A11C2465-5BCA-439E-B10C-9A60CB3EB1C6}.Debug|x64.Build.0 = Debug|Any CPU
		{A11C2465-5BCA-439E-B10C-9A60CB3EB1C6}.Debug|x86.ActiveCfg = Debug|Any CPU
		{A11C2465-5BCA-439E-B10C-9A60CB3EB1C6}.Debug|x86.Build.0 = Debug|Any CPU
		{A11C2465-5BCA-439E-B10C-9A60CB3EB1C6}.Release|Any CPU.ActiveCfg = Release|Any CPU
		{A11C2465-5BCA-439E-B10C-9A60CB3EB1C6}.Release|Any CPU.Build.0 = Release|Any CPU
		{A11C2465-5BCA-439E-B10C-9A60CB3EB1C6}.Release|x64.ActiveCfg = Release|Any CPU
		{A11C2465-5BCA-439E-B10C-9A60CB3EB1C6}.Release|x64.Build.0 = Release|Any CPU
		{A11C2465-5BCA-439E-B10C-9A60CB3EB1C6}.Release|x86.ActiveCfg = Release|Any CPU
		{A11C2465-5BCA-439E-B10C-9A60CB3EB1C6}.Release|x86.Build.0 = Release|Any CPU
		{98AD540C-7C73-45E8-8D9A-08A8793933ED}.Debug|Any CPU.ActiveCfg = Debug|Any CPU
		{98AD540C-7C73-45E8-8D9A-08A8793933ED}.Debug|Any CPU.Build.0 = Debug|Any CPU
		{98AD540C-7C73-45E8-8D9A-08A8793933ED}.Debug|x64.ActiveCfg = Debug|Any CPU
		{98AD540C-7C73-45E8-8D9A-08A8793933ED}.Debug|x64.Build.0 = Debug|Any CPU
		{98AD540C-7C73-45E8-8D9A-08A8793933ED}.Debug|x86.ActiveCfg = Debug|Any CPU
		{98AD540C-7C73-45E8-8D9A-08A8793933ED}.Debug|x86.Build.0 = Debug|Any CPU
		{98AD540C-7C73-45E8-8D9A-08A8793933ED}.Release|Any CPU.ActiveCfg = Release|Any CPU
		{98AD540C-7C73-45E8-8D9A-08A8793933ED}.Release|Any CPU.Build.0 = Release|Any CPU
		{98AD540C-7C73-45E8-8D9A-08A8793933ED}.Release|x64.ActiveCfg = Release|Any CPU
		{98AD540C-7C73-45E8-8D9A-08A8793933ED}.Release|x64.Build.0 = Release|Any CPU
		{98AD540C-7C73-45E8-8D9A-08A8793933ED}.Release|x86.ActiveCfg = Release|Any CPU
		{98AD540C-7C73-45E8-8D9A-08A8793933ED}.Release|x86.Build.0 = Release|Any CPU
		{E7B130F3-F716-41B1-B537-C86A8C4F2176}.Debug|Any CPU.ActiveCfg = Debug|Any CPU
		{E7B130F3-F716-41B1-B537-C86A8C4F2176}.Debug|Any CPU.Build.0 = Debug|Any CPU
		{E7B130F3-F716-41B1-B537-C86A8C4F2176}.Debug|x64.ActiveCfg = Debug|Any CPU
		{E7B130F3-F716-41B1-B537-C86A8C4F2176}.Debug|x64.Build.0 = Debug|Any CPU
		{E7B130F3-F716-41B1-B537-C86A8C4F2176}.Debug|x86.ActiveCfg = Debug|Any CPU
		{E7B130F3-F716-41B1-B537-C86A8C4F2176}.Debug|x86.Build.0 = Debug|Any CPU
		{E7B130F3-F716-41B1-B537-C86A8C4F2176}.Release|Any CPU.ActiveCfg = Release|Any CPU
		{E7B130F3-F716-41B1-B537-C86A8C4F2176}.Release|Any CPU.Build.0 = Release|Any CPU
		{E7B130F3-F716-41B1-B537-C86A8C4F2176}.Release|x64.ActiveCfg = Release|Any CPU
		{E7B130F3-F716-41B1-B537-C86A8C4F2176}.Release|x64.Build.0 = Release|Any CPU
		{E7B130F3-F716-41B1-B537-C86A8C4F2176}.Release|x86.ActiveCfg = Release|Any CPU
		{E7B130F3-F716-41B1-B537-C86A8C4F2176}.Release|x86.Build.0 = Release|Any CPU
		{7EEC825F-7EBE-42C5-99B5-4C0D39F0B8E0}.Debug|Any CPU.ActiveCfg = Debug|Any CPU
		{7EEC825F-7EBE-42C5-99B5-4C0D39F0B8E0}.Debug|Any CPU.Build.0 = Debug|Any CPU
		{7EEC825F-7EBE-42C5-99B5-4C0D39F0B8E0}.Debug|x64.ActiveCfg = Debug|Any CPU
		{7EEC825F-7EBE-42C5-99B5-4C0D39F0B8E0}.Debug|x64.Build.0 = Debug|Any CPU
		{7EEC825F-7EBE-42C5-99B5-4C0D39F0B8E0}.Debug|x86.ActiveCfg = Debug|Any CPU
		{7EEC825F-7EBE-42C5-99B5-4C0D39F0B8E0}.Debug|x86.Build.0 = Debug|Any CPU
		{7EEC825F-7EBE-42C5-99B5-4C0D39F0B8E0}.Release|Any CPU.ActiveCfg = Release|Any CPU
		{7EEC825F-7EBE-42C5-99B5-4C0D39F0B8E0}.Release|Any CPU.Build.0 = Release|Any CPU
		{7EEC825F-7EBE-42C5-99B5-4C0D39F0B8E0}.Release|x64.ActiveCfg = Release|Any CPU
		{7EEC825F-7EBE-42C5-99B5-4C0D39F0B8E0}.Release|x64.Build.0 = Release|Any CPU
		{7EEC825F-7EBE-42C5-99B5-4C0D39F0B8E0}.Release|x86.ActiveCfg = Release|Any CPU
		{7EEC825F-7EBE-42C5-99B5-4C0D39F0B8E0}.Release|x86.Build.0 = Release|Any CPU
		{61616FFC-7B2E-4BB1-A200-5820D45D2EEA}.Debug|Any CPU.ActiveCfg = Debug|Any CPU
		{61616FFC-7B2E-4BB1-A200-5820D45D2EEA}.Debug|Any CPU.Build.0 = Debug|Any CPU
		{61616FFC-7B2E-4BB1-A200-5820D45D2EEA}.Debug|x64.ActiveCfg = Debug|Any CPU
		{61616FFC-7B2E-4BB1-A200-5820D45D2EEA}.Debug|x64.Build.0 = Debug|Any CPU
		{61616FFC-7B2E-4BB1-A200-5820D45D2EEA}.Debug|x86.ActiveCfg = Debug|Any CPU
		{61616FFC-7B2E-4BB1-A200-5820D45D2EEA}.Debug|x86.Build.0 = Debug|Any CPU
		{61616FFC-7B2E-4BB1-A200-5820D45D2EEA}.Release|Any CPU.ActiveCfg = Release|Any CPU
		{61616FFC-7B2E-4BB1-A200-5820D45D2EEA}.Release|Any CPU.Build.0 = Release|Any CPU
		{61616FFC-7B2E-4BB1-A200-5820D45D2EEA}.Release|x64.ActiveCfg = Release|Any CPU
		{61616FFC-7B2E-4BB1-A200-5820D45D2EEA}.Release|x64.Build.0 = Release|Any CPU
		{61616FFC-7B2E-4BB1-A200-5820D45D2EEA}.Release|x86.ActiveCfg = Release|Any CPU
		{61616FFC-7B2E-4BB1-A200-5820D45D2EEA}.Release|x86.Build.0 = Release|Any CPU
		{260CF18E-D1B2-4297-807D-5B97D0013974}.Debug|Any CPU.ActiveCfg = Debug|Any CPU
		{260CF18E-D1B2-4297-807D-5B97D0013974}.Debug|Any CPU.Build.0 = Debug|Any CPU
		{260CF18E-D1B2-4297-807D-5B97D0013974}.Debug|x64.ActiveCfg = Debug|Any CPU
		{260CF18E-D1B2-4297-807D-5B97D0013974}.Debug|x64.Build.0 = Debug|Any CPU
		{260CF18E-D1B2-4297-807D-5B97D0013974}.Debug|x86.ActiveCfg = Debug|Any CPU
		{260CF18E-D1B2-4297-807D-5B97D0013974}.Debug|x86.Build.0 = Debug|Any CPU
		{260CF18E-D1B2-4297-807D-5B97D0013974}.Release|Any CPU.ActiveCfg = Release|Any CPU
		{260CF18E-D1B2-4297-807D-5B97D0013974}.Release|Any CPU.Build.0 = Release|Any CPU
		{260CF18E-D1B2-4297-807D-5B97D0013974}.Release|x64.ActiveCfg = Release|Any CPU
		{260CF18E-D1B2-4297-807D-5B97D0013974}.Release|x64.Build.0 = Release|Any CPU
		{260CF18E-D1B2-4297-807D-5B97D0013974}.Release|x86.ActiveCfg = Release|Any CPU
		{260CF18E-D1B2-4297-807D-5B97D0013974}.Release|x86.Build.0 = Release|Any CPU
		{112FB21D-7B2E-4F6E-BE90-44F0CC5A6A58}.Debug|Any CPU.ActiveCfg = Debug|Any CPU
		{112FB21D-7B2E-4F6E-BE90-44F0CC5A6A58}.Debug|Any CPU.Build.0 = Debug|Any CPU
		{112FB21D-7B2E-4F6E-BE90-44F0CC5A6A58}.Debug|x64.ActiveCfg = Debug|Any CPU
		{112FB21D-7B2E-4F6E-BE90-44F0CC5A6A58}.Debug|x64.Build.0 = Debug|Any CPU
		{112FB21D-7B2E-4F6E-BE90-44F0CC5A6A58}.Debug|x86.ActiveCfg = Debug|Any CPU
		{112FB21D-7B2E-4F6E-BE90-44F0CC5A6A58}.Debug|x86.Build.0 = Debug|Any CPU
		{112FB21D-7B2E-4F6E-BE90-44F0CC5A6A58}.Release|Any CPU.ActiveCfg = Release|Any CPU
		{112FB21D-7B2E-4F6E-BE90-44F0CC5A6A58}.Release|Any CPU.Build.0 = Release|Any CPU
		{112FB21D-7B2E-4F6E-BE90-44F0CC5A6A58}.Release|x64.ActiveCfg = Release|Any CPU
		{112FB21D-7B2E-4F6E-BE90-44F0CC5A6A58}.Release|x64.Build.0 = Release|Any CPU
		{112FB21D-7B2E-4F6E-BE90-44F0CC5A6A58}.Release|x86.ActiveCfg = Release|Any CPU
		{112FB21D-7B2E-4F6E-BE90-44F0CC5A6A58}.Release|x86.Build.0 = Release|Any CPU
		{44F7F98A-927F-4F61-B19A-A34B9E130030}.Debug|Any CPU.ActiveCfg = Debug|Any CPU
		{44F7F98A-927F-4F61-B19A-A34B9E130030}.Debug|Any CPU.Build.0 = Debug|Any CPU
		{44F7F98A-927F-4F61-B19A-A34B9E130030}.Debug|x64.ActiveCfg = Debug|Any CPU
		{44F7F98A-927F-4F61-B19A-A34B9E130030}.Debug|x64.Build.0 = Debug|Any CPU
		{44F7F98A-927F-4F61-B19A-A34B9E130030}.Debug|x86.ActiveCfg = Debug|Any CPU
		{44F7F98A-927F-4F61-B19A-A34B9E130030}.Debug|x86.Build.0 = Debug|Any CPU
		{44F7F98A-927F-4F61-B19A-A34B9E130030}.Release|Any CPU.ActiveCfg = Release|Any CPU
		{44F7F98A-927F-4F61-B19A-A34B9E130030}.Release|Any CPU.Build.0 = Release|Any CPU
		{44F7F98A-927F-4F61-B19A-A34B9E130030}.Release|x64.ActiveCfg = Release|Any CPU
		{44F7F98A-927F-4F61-B19A-A34B9E130030}.Release|x64.Build.0 = Release|Any CPU
		{44F7F98A-927F-4F61-B19A-A34B9E130030}.Release|x86.ActiveCfg = Release|Any CPU
		{44F7F98A-927F-4F61-B19A-A34B9E130030}.Release|x86.Build.0 = Release|Any CPU
		{7EC9E155-D9D0-4960-9415-C070D8FF1A71}.Debug|Any CPU.ActiveCfg = Debug|Any CPU
		{7EC9E155-D9D0-4960-9415-C070D8FF1A71}.Debug|Any CPU.Build.0 = Debug|Any CPU
		{7EC9E155-D9D0-4960-9415-C070D8FF1A71}.Debug|x64.ActiveCfg = Debug|Any CPU
		{7EC9E155-D9D0-4960-9415-C070D8FF1A71}.Debug|x64.Build.0 = Debug|Any CPU
		{7EC9E155-D9D0-4960-9415-C070D8FF1A71}.Debug|x86.ActiveCfg = Debug|Any CPU
		{7EC9E155-D9D0-4960-9415-C070D8FF1A71}.Debug|x86.Build.0 = Debug|Any CPU
		{7EC9E155-D9D0-4960-9415-C070D8FF1A71}.Release|Any CPU.ActiveCfg = Release|Any CPU
		{7EC9E155-D9D0-4960-9415-C070D8FF1A71}.Release|Any CPU.Build.0 = Release|Any CPU
		{7EC9E155-D9D0-4960-9415-C070D8FF1A71}.Release|x64.ActiveCfg = Release|Any CPU
		{7EC9E155-D9D0-4960-9415-C070D8FF1A71}.Release|x64.Build.0 = Release|Any CPU
		{7EC9E155-D9D0-4960-9415-C070D8FF1A71}.Release|x86.ActiveCfg = Release|Any CPU
		{7EC9E155-D9D0-4960-9415-C070D8FF1A71}.Release|x86.Build.0 = Release|Any CPU
		{C2A70F73-2A28-4730-810B-21BC68669312}.Debug|Any CPU.ActiveCfg = Debug|Any CPU
		{C2A70F73-2A28-4730-810B-21BC68669312}.Debug|Any CPU.Build.0 = Debug|Any CPU
		{C2A70F73-2A28-4730-810B-21BC68669312}.Debug|x64.ActiveCfg = Debug|Any CPU
		{C2A70F73-2A28-4730-810B-21BC68669312}.Debug|x64.Build.0 = Debug|Any CPU
		{C2A70F73-2A28-4730-810B-21BC68669312}.Debug|x86.ActiveCfg = Debug|Any CPU
		{C2A70F73-2A28-4730-810B-21BC68669312}.Debug|x86.Build.0 = Debug|Any CPU
		{C2A70F73-2A28-4730-810B-21BC68669312}.Release|Any CPU.ActiveCfg = Release|Any CPU
		{C2A70F73-2A28-4730-810B-21BC68669312}.Release|Any CPU.Build.0 = Release|Any CPU
		{C2A70F73-2A28-4730-810B-21BC68669312}.Release|x64.ActiveCfg = Release|Any CPU
		{C2A70F73-2A28-4730-810B-21BC68669312}.Release|x64.Build.0 = Release|Any CPU
		{C2A70F73-2A28-4730-810B-21BC68669312}.Release|x86.ActiveCfg = Release|Any CPU
		{C2A70F73-2A28-4730-810B-21BC68669312}.Release|x86.Build.0 = Release|Any CPU
		{C42629B5-5ECE-4CCF-A552-9BA926258FD7}.Debug|Any CPU.ActiveCfg = Debug|Any CPU
		{C42629B5-5ECE-4CCF-A552-9BA926258FD7}.Debug|Any CPU.Build.0 = Debug|Any CPU
		{C42629B5-5ECE-4CCF-A552-9BA926258FD7}.Debug|x64.ActiveCfg = Debug|Any CPU
		{C42629B5-5ECE-4CCF-A552-9BA926258FD7}.Debug|x64.Build.0 = Debug|Any CPU
		{C42629B5-5ECE-4CCF-A552-9BA926258FD7}.Debug|x86.ActiveCfg = Debug|Any CPU
		{C42629B5-5ECE-4CCF-A552-9BA926258FD7}.Debug|x86.Build.0 = Debug|Any CPU
		{C42629B5-5ECE-4CCF-A552-9BA926258FD7}.Release|Any CPU.ActiveCfg = Release|Any CPU
		{C42629B5-5ECE-4CCF-A552-9BA926258FD7}.Release|Any CPU.Build.0 = Release|Any CPU
		{C42629B5-5ECE-4CCF-A552-9BA926258FD7}.Release|x64.ActiveCfg = Release|Any CPU
		{C42629B5-5ECE-4CCF-A552-9BA926258FD7}.Release|x64.Build.0 = Release|Any CPU
		{C42629B5-5ECE-4CCF-A552-9BA926258FD7}.Release|x86.ActiveCfg = Release|Any CPU
		{C42629B5-5ECE-4CCF-A552-9BA926258FD7}.Release|x86.Build.0 = Release|Any CPU
		{032AEBBA-9E52-40E2-B929-31FDDDF16B5B}.Debug|Any CPU.ActiveCfg = Debug|Any CPU
		{032AEBBA-9E52-40E2-B929-31FDDDF16B5B}.Debug|Any CPU.Build.0 = Debug|Any CPU
		{032AEBBA-9E52-40E2-B929-31FDDDF16B5B}.Debug|x64.ActiveCfg = Debug|Any CPU
		{032AEBBA-9E52-40E2-B929-31FDDDF16B5B}.Debug|x64.Build.0 = Debug|Any CPU
		{032AEBBA-9E52-40E2-B929-31FDDDF16B5B}.Debug|x86.ActiveCfg = Debug|Any CPU
		{032AEBBA-9E52-40E2-B929-31FDDDF16B5B}.Debug|x86.Build.0 = Debug|Any CPU
		{032AEBBA-9E52-40E2-B929-31FDDDF16B5B}.Release|Any CPU.ActiveCfg = Release|Any CPU
		{032AEBBA-9E52-40E2-B929-31FDDDF16B5B}.Release|Any CPU.Build.0 = Release|Any CPU
		{032AEBBA-9E52-40E2-B929-31FDDDF16B5B}.Release|x64.ActiveCfg = Release|Any CPU
		{032AEBBA-9E52-40E2-B929-31FDDDF16B5B}.Release|x64.Build.0 = Release|Any CPU
		{032AEBBA-9E52-40E2-B929-31FDDDF16B5B}.Release|x86.ActiveCfg = Release|Any CPU
		{032AEBBA-9E52-40E2-B929-31FDDDF16B5B}.Release|x86.Build.0 = Release|Any CPU
		{F54767F4-0505-49D2-AB18-92F5198BE302}.Debug|Any CPU.ActiveCfg = Debug|Any CPU
		{F54767F4-0505-49D2-AB18-92F5198BE302}.Debug|Any CPU.Build.0 = Debug|Any CPU
		{F54767F4-0505-49D2-AB18-92F5198BE302}.Debug|x64.ActiveCfg = Debug|Any CPU
		{F54767F4-0505-49D2-AB18-92F5198BE302}.Debug|x64.Build.0 = Debug|Any CPU
		{F54767F4-0505-49D2-AB18-92F5198BE302}.Debug|x86.ActiveCfg = Debug|Any CPU
		{F54767F4-0505-49D2-AB18-92F5198BE302}.Debug|x86.Build.0 = Debug|Any CPU
		{F54767F4-0505-49D2-AB18-92F5198BE302}.Release|Any CPU.ActiveCfg = Release|Any CPU
		{F54767F4-0505-49D2-AB18-92F5198BE302}.Release|Any CPU.Build.0 = Release|Any CPU
		{F54767F4-0505-49D2-AB18-92F5198BE302}.Release|x64.ActiveCfg = Release|Any CPU
		{F54767F4-0505-49D2-AB18-92F5198BE302}.Release|x64.Build.0 = Release|Any CPU
		{F54767F4-0505-49D2-AB18-92F5198BE302}.Release|x86.ActiveCfg = Release|Any CPU
		{F54767F4-0505-49D2-AB18-92F5198BE302}.Release|x86.Build.0 = Release|Any CPU
		{5B755FD3-519A-43FE-AA7A-7C1BFDD02DC6}.Debug|Any CPU.ActiveCfg = Debug|Any CPU
		{5B755FD3-519A-43FE-AA7A-7C1BFDD02DC6}.Debug|Any CPU.Build.0 = Debug|Any CPU
		{5B755FD3-519A-43FE-AA7A-7C1BFDD02DC6}.Debug|x64.ActiveCfg = Debug|Any CPU
		{5B755FD3-519A-43FE-AA7A-7C1BFDD02DC6}.Debug|x64.Build.0 = Debug|Any CPU
		{5B755FD3-519A-43FE-AA7A-7C1BFDD02DC6}.Debug|x86.ActiveCfg = Debug|Any CPU
		{5B755FD3-519A-43FE-AA7A-7C1BFDD02DC6}.Debug|x86.Build.0 = Debug|Any CPU
		{5B755FD3-519A-43FE-AA7A-7C1BFDD02DC6}.Release|Any CPU.ActiveCfg = Release|Any CPU
		{5B755FD3-519A-43FE-AA7A-7C1BFDD02DC6}.Release|Any CPU.Build.0 = Release|Any CPU
		{5B755FD3-519A-43FE-AA7A-7C1BFDD02DC6}.Release|x64.ActiveCfg = Release|Any CPU
		{5B755FD3-519A-43FE-AA7A-7C1BFDD02DC6}.Release|x64.Build.0 = Release|Any CPU
		{5B755FD3-519A-43FE-AA7A-7C1BFDD02DC6}.Release|x86.ActiveCfg = Release|Any CPU
		{5B755FD3-519A-43FE-AA7A-7C1BFDD02DC6}.Release|x86.Build.0 = Release|Any CPU
		{A55E9D0C-5944-4AB7-9942-900D8403BBF0}.Debug|Any CPU.ActiveCfg = Debug|Any CPU
		{A55E9D0C-5944-4AB7-9942-900D8403BBF0}.Debug|Any CPU.Build.0 = Debug|Any CPU
		{A55E9D0C-5944-4AB7-9942-900D8403BBF0}.Debug|x64.ActiveCfg = Debug|Any CPU
		{A55E9D0C-5944-4AB7-9942-900D8403BBF0}.Debug|x64.Build.0 = Debug|Any CPU
		{A55E9D0C-5944-4AB7-9942-900D8403BBF0}.Debug|x86.ActiveCfg = Debug|Any CPU
		{A55E9D0C-5944-4AB7-9942-900D8403BBF0}.Debug|x86.Build.0 = Debug|Any CPU
		{A55E9D0C-5944-4AB7-9942-900D8403BBF0}.Release|Any CPU.ActiveCfg = Release|Any CPU
		{A55E9D0C-5944-4AB7-9942-900D8403BBF0}.Release|Any CPU.Build.0 = Release|Any CPU
		{A55E9D0C-5944-4AB7-9942-900D8403BBF0}.Release|x64.ActiveCfg = Release|Any CPU
		{A55E9D0C-5944-4AB7-9942-900D8403BBF0}.Release|x64.Build.0 = Release|Any CPU
		{A55E9D0C-5944-4AB7-9942-900D8403BBF0}.Release|x86.ActiveCfg = Release|Any CPU
		{A55E9D0C-5944-4AB7-9942-900D8403BBF0}.Release|x86.Build.0 = Release|Any CPU
		{821DAFE0-1AD4-4782-8C0E-59C1A5B44627}.Debug|Any CPU.ActiveCfg = Debug|Any CPU
		{821DAFE0-1AD4-4782-8C0E-59C1A5B44627}.Debug|Any CPU.Build.0 = Debug|Any CPU
		{821DAFE0-1AD4-4782-8C0E-59C1A5B44627}.Debug|x64.ActiveCfg = Debug|Any CPU
		{821DAFE0-1AD4-4782-8C0E-59C1A5B44627}.Debug|x64.Build.0 = Debug|Any CPU
		{821DAFE0-1AD4-4782-8C0E-59C1A5B44627}.Debug|x86.ActiveCfg = Debug|Any CPU
		{821DAFE0-1AD4-4782-8C0E-59C1A5B44627}.Debug|x86.Build.0 = Debug|Any CPU
		{821DAFE0-1AD4-4782-8C0E-59C1A5B44627}.Release|Any CPU.ActiveCfg = Release|Any CPU
		{821DAFE0-1AD4-4782-8C0E-59C1A5B44627}.Release|Any CPU.Build.0 = Release|Any CPU
		{821DAFE0-1AD4-4782-8C0E-59C1A5B44627}.Release|x64.ActiveCfg = Release|Any CPU
		{821DAFE0-1AD4-4782-8C0E-59C1A5B44627}.Release|x64.Build.0 = Release|Any CPU
		{821DAFE0-1AD4-4782-8C0E-59C1A5B44627}.Release|x86.ActiveCfg = Release|Any CPU
		{821DAFE0-1AD4-4782-8C0E-59C1A5B44627}.Release|x86.Build.0 = Release|Any CPU
		{B3F8088D-41B8-4A33-BDF5-1BEF9C564AAE}.Debug|Any CPU.ActiveCfg = Debug|Any CPU
		{B3F8088D-41B8-4A33-BDF5-1BEF9C564AAE}.Debug|Any CPU.Build.0 = Debug|Any CPU
		{B3F8088D-41B8-4A33-BDF5-1BEF9C564AAE}.Debug|x64.ActiveCfg = Debug|Any CPU
		{B3F8088D-41B8-4A33-BDF5-1BEF9C564AAE}.Debug|x64.Build.0 = Debug|Any CPU
		{B3F8088D-41B8-4A33-BDF5-1BEF9C564AAE}.Debug|x86.ActiveCfg = Debug|Any CPU
		{B3F8088D-41B8-4A33-BDF5-1BEF9C564AAE}.Debug|x86.Build.0 = Debug|Any CPU
		{B3F8088D-41B8-4A33-BDF5-1BEF9C564AAE}.Release|Any CPU.ActiveCfg = Release|Any CPU
		{B3F8088D-41B8-4A33-BDF5-1BEF9C564AAE}.Release|Any CPU.Build.0 = Release|Any CPU
		{B3F8088D-41B8-4A33-BDF5-1BEF9C564AAE}.Release|x64.ActiveCfg = Release|Any CPU
		{B3F8088D-41B8-4A33-BDF5-1BEF9C564AAE}.Release|x64.Build.0 = Release|Any CPU
		{B3F8088D-41B8-4A33-BDF5-1BEF9C564AAE}.Release|x86.ActiveCfg = Release|Any CPU
		{B3F8088D-41B8-4A33-BDF5-1BEF9C564AAE}.Release|x86.Build.0 = Release|Any CPU
		{D6EE8E42-A927-4EC0-A490-C0DEDF6846D6}.Debug|Any CPU.ActiveCfg = Debug|Any CPU
		{D6EE8E42-A927-4EC0-A490-C0DEDF6846D6}.Debug|Any CPU.Build.0 = Debug|Any CPU
		{D6EE8E42-A927-4EC0-A490-C0DEDF6846D6}.Debug|x64.ActiveCfg = Debug|Any CPU
		{D6EE8E42-A927-4EC0-A490-C0DEDF6846D6}.Debug|x64.Build.0 = Debug|Any CPU
		{D6EE8E42-A927-4EC0-A490-C0DEDF6846D6}.Debug|x86.ActiveCfg = Debug|Any CPU
		{D6EE8E42-A927-4EC0-A490-C0DEDF6846D6}.Debug|x86.Build.0 = Debug|Any CPU
		{D6EE8E42-A927-4EC0-A490-C0DEDF6846D6}.Release|Any CPU.ActiveCfg = Release|Any CPU
		{D6EE8E42-A927-4EC0-A490-C0DEDF6846D6}.Release|Any CPU.Build.0 = Release|Any CPU
		{D6EE8E42-A927-4EC0-A490-C0DEDF6846D6}.Release|x64.ActiveCfg = Release|Any CPU
		{D6EE8E42-A927-4EC0-A490-C0DEDF6846D6}.Release|x64.Build.0 = Release|Any CPU
		{D6EE8E42-A927-4EC0-A490-C0DEDF6846D6}.Release|x86.ActiveCfg = Release|Any CPU
		{D6EE8E42-A927-4EC0-A490-C0DEDF6846D6}.Release|x86.Build.0 = Release|Any CPU
		{861565FE-E6F3-4360-B4FA-2B906C6E2953}.Debug|Any CPU.ActiveCfg = Debug|Any CPU
		{861565FE-E6F3-4360-B4FA-2B906C6E2953}.Debug|Any CPU.Build.0 = Debug|Any CPU
		{861565FE-E6F3-4360-B4FA-2B906C6E2953}.Debug|x64.ActiveCfg = Debug|Any CPU
		{861565FE-E6F3-4360-B4FA-2B906C6E2953}.Debug|x64.Build.0 = Debug|Any CPU
		{861565FE-E6F3-4360-B4FA-2B906C6E2953}.Debug|x86.ActiveCfg = Debug|Any CPU
		{861565FE-E6F3-4360-B4FA-2B906C6E2953}.Debug|x86.Build.0 = Debug|Any CPU
		{861565FE-E6F3-4360-B4FA-2B906C6E2953}.Release|Any CPU.ActiveCfg = Release|Any CPU
		{861565FE-E6F3-4360-B4FA-2B906C6E2953}.Release|Any CPU.Build.0 = Release|Any CPU
		{861565FE-E6F3-4360-B4FA-2B906C6E2953}.Release|x64.ActiveCfg = Release|Any CPU
		{861565FE-E6F3-4360-B4FA-2B906C6E2953}.Release|x64.Build.0 = Release|Any CPU
		{861565FE-E6F3-4360-B4FA-2B906C6E2953}.Release|x86.ActiveCfg = Release|Any CPU
		{861565FE-E6F3-4360-B4FA-2B906C6E2953}.Release|x86.Build.0 = Release|Any CPU
		{C9170C14-EA87-4A54-BEEA-50F69A9D61DB}.Debug|Any CPU.ActiveCfg = Debug|Any CPU
		{C9170C14-EA87-4A54-BEEA-50F69A9D61DB}.Debug|Any CPU.Build.0 = Debug|Any CPU
		{C9170C14-EA87-4A54-BEEA-50F69A9D61DB}.Debug|x64.ActiveCfg = Debug|Any CPU
		{C9170C14-EA87-4A54-BEEA-50F69A9D61DB}.Debug|x64.Build.0 = Debug|Any CPU
		{C9170C14-EA87-4A54-BEEA-50F69A9D61DB}.Debug|x86.ActiveCfg = Debug|Any CPU
		{C9170C14-EA87-4A54-BEEA-50F69A9D61DB}.Debug|x86.Build.0 = Debug|Any CPU
		{C9170C14-EA87-4A54-BEEA-50F69A9D61DB}.Release|Any CPU.ActiveCfg = Release|Any CPU
		{C9170C14-EA87-4A54-BEEA-50F69A9D61DB}.Release|Any CPU.Build.0 = Release|Any CPU
		{C9170C14-EA87-4A54-BEEA-50F69A9D61DB}.Release|x64.ActiveCfg = Release|Any CPU
		{C9170C14-EA87-4A54-BEEA-50F69A9D61DB}.Release|x64.Build.0 = Release|Any CPU
		{C9170C14-EA87-4A54-BEEA-50F69A9D61DB}.Release|x86.ActiveCfg = Release|Any CPU
		{C9170C14-EA87-4A54-BEEA-50F69A9D61DB}.Release|x86.Build.0 = Release|Any CPU
		{FD3184B5-80BD-409D-9802-7E79D509C503}.Debug|Any CPU.ActiveCfg = Debug|Any CPU
		{FD3184B5-80BD-409D-9802-7E79D509C503}.Debug|Any CPU.Build.0 = Debug|Any CPU
		{FD3184B5-80BD-409D-9802-7E79D509C503}.Debug|x64.ActiveCfg = Debug|Any CPU
		{FD3184B5-80BD-409D-9802-7E79D509C503}.Debug|x64.Build.0 = Debug|Any CPU
		{FD3184B5-80BD-409D-9802-7E79D509C503}.Debug|x86.ActiveCfg = Debug|Any CPU
		{FD3184B5-80BD-409D-9802-7E79D509C503}.Debug|x86.Build.0 = Debug|Any CPU
		{FD3184B5-80BD-409D-9802-7E79D509C503}.Release|Any CPU.ActiveCfg = Release|Any CPU
		{FD3184B5-80BD-409D-9802-7E79D509C503}.Release|Any CPU.Build.0 = Release|Any CPU
		{FD3184B5-80BD-409D-9802-7E79D509C503}.Release|x64.ActiveCfg = Release|Any CPU
		{FD3184B5-80BD-409D-9802-7E79D509C503}.Release|x64.Build.0 = Release|Any CPU
		{FD3184B5-80BD-409D-9802-7E79D509C503}.Release|x86.ActiveCfg = Release|Any CPU
		{FD3184B5-80BD-409D-9802-7E79D509C503}.Release|x86.Build.0 = Release|Any CPU
		{542D097B-C916-4FAA-AA9E-0C466B8B959B}.Debug|Any CPU.ActiveCfg = Debug|Any CPU
		{542D097B-C916-4FAA-AA9E-0C466B8B959B}.Debug|Any CPU.Build.0 = Debug|Any CPU
		{542D097B-C916-4FAA-AA9E-0C466B8B959B}.Debug|x64.ActiveCfg = Debug|Any CPU
		{542D097B-C916-4FAA-AA9E-0C466B8B959B}.Debug|x64.Build.0 = Debug|Any CPU
		{542D097B-C916-4FAA-AA9E-0C466B8B959B}.Debug|x86.ActiveCfg = Debug|Any CPU
		{542D097B-C916-4FAA-AA9E-0C466B8B959B}.Debug|x86.Build.0 = Debug|Any CPU
		{542D097B-C916-4FAA-AA9E-0C466B8B959B}.Release|Any CPU.ActiveCfg = Release|Any CPU
		{542D097B-C916-4FAA-AA9E-0C466B8B959B}.Release|Any CPU.Build.0 = Release|Any CPU
		{542D097B-C916-4FAA-AA9E-0C466B8B959B}.Release|x64.ActiveCfg = Release|Any CPU
		{542D097B-C916-4FAA-AA9E-0C466B8B959B}.Release|x64.Build.0 = Release|Any CPU
		{542D097B-C916-4FAA-AA9E-0C466B8B959B}.Release|x86.ActiveCfg = Release|Any CPU
		{542D097B-C916-4FAA-AA9E-0C466B8B959B}.Release|x86.Build.0 = Release|Any CPU
		{1242409A-55CE-40DE-9ABD-7A41FC9F85CB}.Debug|Any CPU.ActiveCfg = Debug|Any CPU
		{1242409A-55CE-40DE-9ABD-7A41FC9F85CB}.Debug|Any CPU.Build.0 = Debug|Any CPU
		{1242409A-55CE-40DE-9ABD-7A41FC9F85CB}.Debug|x64.ActiveCfg = Debug|Any CPU
		{1242409A-55CE-40DE-9ABD-7A41FC9F85CB}.Debug|x64.Build.0 = Debug|Any CPU
		{1242409A-55CE-40DE-9ABD-7A41FC9F85CB}.Debug|x86.ActiveCfg = Debug|Any CPU
		{1242409A-55CE-40DE-9ABD-7A41FC9F85CB}.Debug|x86.Build.0 = Debug|Any CPU
		{1242409A-55CE-40DE-9ABD-7A41FC9F85CB}.Release|Any CPU.ActiveCfg = Release|Any CPU
		{1242409A-55CE-40DE-9ABD-7A41FC9F85CB}.Release|Any CPU.Build.0 = Release|Any CPU
		{1242409A-55CE-40DE-9ABD-7A41FC9F85CB}.Release|x64.ActiveCfg = Release|Any CPU
		{1242409A-55CE-40DE-9ABD-7A41FC9F85CB}.Release|x64.Build.0 = Release|Any CPU
		{1242409A-55CE-40DE-9ABD-7A41FC9F85CB}.Release|x86.ActiveCfg = Release|Any CPU
		{1242409A-55CE-40DE-9ABD-7A41FC9F85CB}.Release|x86.Build.0 = Release|Any CPU
	EndGlobalSection
	GlobalSection(SolutionProperties) = preSolution
		HideSolutionNode = FALSE
	EndGlobalSection
	GlobalSection(NestedProjects) = preSolution
		{378295AF-C144-6721-7CFF-8DE6E58ED8C7} = {5854FF58-B8C5-05C6-5BF2-ACE42193F22B}
		{7A352441-7B27-4E86-BD44-B3D78337FC79} = {378295AF-C144-6721-7CFF-8DE6E58ED8C7}
		{23F82C76-6875-4F45-A5AC-96304CFA54CD} = {378295AF-C144-6721-7CFF-8DE6E58ED8C7}
		{4FFFB9A2-D9AF-44A6-AB95-E4A4FC8846C2} = {378295AF-C144-6721-7CFF-8DE6E58ED8C7}
		{38DD8679-F3C3-4324-619F-B20D18BD3BE4} = {5854FF58-B8C5-05C6-5BF2-ACE42193F22B}
		{135D38C7-0C64-416E-BC0C-C410685DAF58} = {38DD8679-F3C3-4324-619F-B20D18BD3BE4}
		{DC6AB8C0-DCF0-4D9D-AE5B-D0FF59BF5D9F} = {38DD8679-F3C3-4324-619F-B20D18BD3BE4}
		{A11C2465-5BCA-439E-B10C-9A60CB3EB1C6} = {38DD8679-F3C3-4324-619F-B20D18BD3BE4}
		{4972D1A6-6E3D-CFE3-BF87-C4B6FA8CF3FC} = {5854FF58-B8C5-05C6-5BF2-ACE42193F22B}
		{98AD540C-7C73-45E8-8D9A-08A8793933ED} = {4972D1A6-6E3D-CFE3-BF87-C4B6FA8CF3FC}
		{E7B130F3-F716-41B1-B537-C86A8C4F2176} = {4972D1A6-6E3D-CFE3-BF87-C4B6FA8CF3FC}
		{7EEC825F-7EBE-42C5-99B5-4C0D39F0B8E0} = {4972D1A6-6E3D-CFE3-BF87-C4B6FA8CF3FC}
		{C37F6A99-4F64-C411-A3CA-5C94B414AB7E} = {5854FF58-B8C5-05C6-5BF2-ACE42193F22B}
		{61616FFC-7B2E-4BB1-A200-5820D45D2EEA} = {C37F6A99-4F64-C411-A3CA-5C94B414AB7E}
		{260CF18E-D1B2-4297-807D-5B97D0013974} = {C37F6A99-4F64-C411-A3CA-5C94B414AB7E}
		{112FB21D-7B2E-4F6E-BE90-44F0CC5A6A58} = {C37F6A99-4F64-C411-A3CA-5C94B414AB7E}
		{A4F865EB-52EC-F6FD-F011-E1E54FCE470B} = {5854FF58-B8C5-05C6-5BF2-ACE42193F22B}
		{44F7F98A-927F-4F61-B19A-A34B9E130030} = {A4F865EB-52EC-F6FD-F011-E1E54FCE470B}
		{7EC9E155-D9D0-4960-9415-C070D8FF1A71} = {A4F865EB-52EC-F6FD-F011-E1E54FCE470B}
		{C2A70F73-2A28-4730-810B-21BC68669312} = {A4F865EB-52EC-F6FD-F011-E1E54FCE470B}
		{EA911E63-DFBC-0203-AA9C-2E6EB2236FA2} = {5854FF58-B8C5-05C6-5BF2-ACE42193F22B}
		{C42629B5-5ECE-4CCF-A552-9BA926258FD7} = {EA911E63-DFBC-0203-AA9C-2E6EB2236FA2}
		{032AEBBA-9E52-40E2-B929-31FDDDF16B5B} = {EA911E63-DFBC-0203-AA9C-2E6EB2236FA2}
		{F54767F4-0505-49D2-AB18-92F5198BE302} = {EA911E63-DFBC-0203-AA9C-2E6EB2236FA2}
		{493E710F-E8C5-EB71-BD10-2DF2A771875D} = {5854FF58-B8C5-05C6-5BF2-ACE42193F22B}
		{5B755FD3-519A-43FE-AA7A-7C1BFDD02DC6} = {493E710F-E8C5-EB71-BD10-2DF2A771875D}
		{A55E9D0C-5944-4AB7-9942-900D8403BBF0} = {493E710F-E8C5-EB71-BD10-2DF2A771875D}
		{821DAFE0-1AD4-4782-8C0E-59C1A5B44627} = {493E710F-E8C5-EB71-BD10-2DF2A771875D}
		{1C57C2D2-1246-804C-0890-EC7B6BEC053B} = {5854FF58-B8C5-05C6-5BF2-ACE42193F22B}
		{B3F8088D-41B8-4A33-BDF5-1BEF9C564AAE} = {1C57C2D2-1246-804C-0890-EC7B6BEC053B}
		{D6EE8E42-A927-4EC0-A490-C0DEDF6846D6} = {1C57C2D2-1246-804C-0890-EC7B6BEC053B}
		{861565FE-E6F3-4360-B4FA-2B906C6E2953} = {1C57C2D2-1246-804C-0890-EC7B6BEC053B}
		{3F71BEB0-01F5-17CB-6346-A2CC851A62EC} = {5854FF58-B8C5-05C6-5BF2-ACE42193F22B}
		{C9170C14-EA87-4A54-BEEA-50F69A9D61DB} = {3F71BEB0-01F5-17CB-6346-A2CC851A62EC}
		{FD3184B5-80BD-409D-9802-7E79D509C503} = {3F71BEB0-01F5-17CB-6346-A2CC851A62EC}
		{542D097B-C916-4FAA-AA9E-0C466B8B959B} = {3F71BEB0-01F5-17CB-6346-A2CC851A62EC}
		{1242409A-55CE-40DE-9ABD-7A41FC9F85CB} = {493E710F-E8C5-EB71-BD10-2DF2A771875D}
	EndGlobalSection
	GlobalSection(ExtensibilityGlobals) = postSolution
		SolutionGuid = {CAE3F08A-9D0B-4655-9236-FEB0F5504E27}
	EndGlobalSection
EndGlobal
